
Microsoft Visual Studio Solution File, Format Version 12.00
# Visual Studio Version 17
VisualStudioVersion = 17.5.33516.290
MinimumVisualStudioVersion = 10.0.40219.1
Project("{FAE04EC0-301F-11D3-BF4B-00C04F79EFBC}") = "PhoneBook", "PhoneBook.csproj", "{EF8CBDD6-C786-4292-9281-B87337957AEB}"
EndProject
Global
	GlobalSection(SolutionConfigurationPlatforms) = preSolution
		Debug|Any CPU = Debug|Any CPU
		Release|Any CPU = Release|Any CPU
	EndGlobalSection
	GlobalSection(ProjectConfigurationPlatforms) = postSolution
		{EF8CBDD6-C786-4292-9281-B87337957AEB}.Debug|Any CPU.ActiveCfg = Debug|Any CPU
		{EF8CBDD6-C786-4292-9281-B87337957AEB}.Debug|Any CPU.Build.0 = Debug|Any CPU
		{EF8CBDD6-C786-4292-9281-B87337957AEB}.Release|Any CPU.ActiveCfg = Release|Any CPU
		{EF8CBDD6-C786-4292-9281-B87337957AEB}.Release|Any CPU.Build.0 = Release|Any CPU
	EndGlobalSection
	GlobalSection(SolutionProperties) = preSolution
		HideSolutionNode = FALSE
	EndGlobalSection
	GlobalSection(ExtensibilityGlobals) = postSolution
		SolutionGuid = {8905593A-CAB6-4B33-A1B7-3DD42F502163}
	EndGlobalSection
EndGlobal
